
Microsoft Visual Studio Solution File, Format Version 12.00
# Visual Studio Version 17
VisualStudioVersion = 17.7.34202.233
MinimumVisualStudioVersion = 10.0.40219.1
Project("{FAE04EC0-301F-11D3-BF4B-00C04F79EFBC}") = "WFABankaProjesi", "WFABankaProjesi\WFABankaProjesi.csproj", "{0267B214-2930-4AF9-922B-01F4788BDC3B}"
EndProject
Project("{FAE04EC0-301F-11D3-BF4B-00C04F79EFBC}") = "AltYapi", "AltYapi\AltYapi.csproj", "{A8DD7D12-C644-4EE8-B16D-A6235C12C8D7}"
EndProject
Global
	GlobalSection(SolutionConfigurationPlatforms) = preSolution
		Debug|Any CPU = Debug|Any CPU
		Release|Any CPU = Release|Any CPU
	EndGlobalSection
	GlobalSection(ProjectConfigurationPlatforms) = postSolution
		{0267B214-2930-4AF9-922B-01F4788BDC3B}.Debug|Any CPU.ActiveCfg = Debug|Any CPU
		{0267B214-2930-4AF9-922B-01F4788BDC3B}.Debug|Any CPU.Build.0 = Debug|Any CPU
		{0267B214-2930-4AF9-922B-01F4788BDC3B}.Release|Any CPU.ActiveCfg = Release|Any CPU
		{0267B214-2930-4AF9-922B-01F4788BDC3B}.Release|Any CPU.Build.0 = Release|Any CPU
		{A8DD7D12-C644-4EE8-B16D-A6235C12C8D7}.Debug|Any CPU.ActiveCfg = Debug|Any CPU
		{A8DD7D12-C644-4EE8-B16D-A6235C12C8D7}.Debug|Any CPU.Build.0 = Debug|Any CPU
		{A8DD7D12-C644-4EE8-B16D-A6235C12C8D7}.Release|Any CPU.ActiveCfg = Release|Any CPU
		{A8DD7D12-C644-4EE8-B16D-A6235C12C8D7}.Release|Any CPU.Build.0 = Release|Any CPU
	EndGlobalSection
	GlobalSection(SolutionProperties) = preSolution
		HideSolutionNode = FALSE
	EndGlobalSection
	GlobalSection(ExtensibilityGlobals) = postSolution
		SolutionGuid = {EB3820F7-03AE-4CD4-B209-6072FD7A7581}
	EndGlobalSection
EndGlobal
